// !$*UTF8*$!
{
	archiveVersion = 1;
	classes = {
	};
	objectVersion = 50;
	objects = {

/* Begin PBXBuildFile section */
		2DF825E62583A9CF001E7EE6 /* AppDelegate.swift in Sources */ = {isa = PBXBuildFile; fileRef = 2DF825E52583A9CF001E7EE6 /* AppDelegate.swift */; };
		2DF825E82583A9CF001E7EE6 /* SceneDelegate.swift in Sources */ = {isa = PBXBuildFile; fileRef = 2DF825E72583A9CF001E7EE6 /* SceneDelegate.swift */; };
		2DF825EA2583A9CF001E7EE6 /* ContentView.swift in Sources */ = {isa = PBXBuildFile; fileRef = 2DF825E92583A9CF001E7EE6 /* ContentView.swift */; };
		2DF825EC2583A9D2001E7EE6 /* Assets.xcassets in Resources */ = {isa = PBXBuildFile; fileRef = 2DF825EB2583A9D2001E7EE6 /* Assets.xcassets */; };
		2DF825EF2583A9D2001E7EE6 /* Preview Assets.xcassets in Resources */ = {isa = PBXBuildFile; fileRef = 2DF825EE2583A9D2001E7EE6 /* Preview Assets.xcassets */; };
		2DF825F22583A9D2001E7EE6 /* LaunchScreen.storyboard in Resources */ = {isa = PBXBuildFile; fileRef = 2DF825F02583A9D2001E7EE6 /* LaunchScreen.storyboard */; };
		2DF825FB2583BE0C001E7EE6 /* MenuView.swift in Sources */ = {isa = PBXBuildFile; fileRef = 2DF825FA2583BE0C001E7EE6 /* MenuView.swift */; };
		2DF825FF2583CAEA001E7EE6 /* HomeView.swift in Sources */ = {isa = PBXBuildFile; fileRef = 2DF825FE2583CAEA001E7EE6 /* HomeView.swift */; };
/* End PBXBuildFile section */

/* Begin PBXFileReference section */
		2DF825E22583A9CF001E7EE6 /* SuperFinal.app */ = {isa = PBXFileReference; explicitFileType = wrapper.application; includeInIndex = 0; path = SuperFinal.app; sourceTree = BUILT_PRODUCTS_DIR; };
		2DF825E52583A9CF001E7EE6 /* AppDelegate.swift */ = {isa = PBXFileReference; lastKnownFileType = sourcecode.swift; path = AppDelegate.swift; sourceTree = "<group>"; };
		2DF825E72583A9CF001E7EE6 /* SceneDelegate.swift */ = {isa = PBXFileReference; lastKnownFileType = sourcecode.swift; path = SceneDelegate.swift; sourceTree = "<group>"; };
		2DF825E92583A9CF001E7EE6 /* ContentView.swift */ = {isa = PBXFileReference; lastKnownFileType = sourcecode.swift; path = ContentView.swift; sourceTree = "<group>"; };
		2DF825EB2583A9D2001E7EE6 /* Assets.xcassets */ = {isa = PBXFileReference; lastKnownFileType = folder.assetcatalog; path = Assets.xcassets; sourceTree = "<group>"; };
		2DF825EE2583A9D2001E7EE6 /* Preview Assets.xcassets */ = {isa = PBXFileReference; lastKnownFileType = folder.assetcatalog; path = "Preview Assets.xcassets"; sourceTree = "<group>"; };
		2DF825F12583A9D2001E7EE6 /* Base */ = {isa = PBXFileReference; lastKnownFileType = file.storyboard; name = Base; path = Base.lproj/LaunchScreen.storyboard; sourceTree = "<group>"; };
		2DF825F32583A9D2001E7EE6 /* Info.plist */ = {isa = PBXFileReference; lastKnownFileType = text.plist.xml; path = Info.plist; sourceTree = "<group>"; };
		2DF825FA2583BE0C001E7EE6 /* MenuView.swift */ = {isa = PBXFileReference; lastKnownFileType = sourcecode.swift; path = MenuView.swift; sourceTree = "<group>"; };
		2DF825FE2583CAEA001E7EE6 /* HomeView.swift */ = {isa = PBXFileReference; lastKnownFileType = sourcecode.swift; path = HomeView.swift; sourceTree = "<group>"; };
/* End PBXFileReference section */

/* Begin PBXFrameworksBuildPhase section */
		2DF825DF2583A9CE001E7EE6 /* Frameworks */ = {
			isa = PBXFrameworksBuildPhase;
			buildActionMask = 2147483647;
			files = (
			);
			runOnlyForDeploymentPostprocessing = 0;
		};
/* End PBXFrameworksBuildPhase section */

/* Begin PBXGroup section */
		2DF825D92583A9CE001E7EE6 = {
			isa = PBXGroup;
			children = (
				2DF825E42583A9CF001E7EE6 /* SuperFinal */,
				2DF825E32583A9CF001E7EE6 /* Products */,
			);
			sourceTree = "<group>";
		};
		2DF825E32583A9CF001E7EE6 /* Products */ = {
			isa = PBXGroup;
			children = (
				2DF825E22583A9CF001E7EE6 /* SuperFinal.app */,
			);
			name = Products;
			sourceTree = "<group>";
		};
		2DF825E42583A9CF001E7EE6 /* SuperFinal */ = {
			isa = PBXGroup;
			children = (
				2DF825FD2583CAE1001E7EE6 /* View */,
				2DF825E52583A9CF001E7EE6 /* AppDelegate.swift */,
				2DF825E72583A9CF001E7EE6 /* SceneDelegate.swift */,
				2DF825E92583A9CF001E7EE6 /* ContentView.swift */,
				2DF825EB2583A9D2001E7EE6 /* Assets.xcassets */,
				2DF825F02583A9D2001E7EE6 /* LaunchScreen.storyboard */,
				2DF825F32583A9D2001E7EE6 /* Info.plist */,
				2DF825ED2583A9D2001E7EE6 /* Preview Content */,
			);
			path = SuperFinal;
			sourceTree = "<group>";
		};
		2DF825ED2583A9D2001E7EE6 /* Preview Content */ = {
			isa = PBXGroup;
			children = (
				2DF825EE2583A9D2001E7EE6 /* Preview Assets.xcassets */,
			);
			path = "Preview Content";
			sourceTree = "<group>";
		};
		2DF825FD2583CAE1001E7EE6 /* View */ = {
			isa = PBXGroup;
			children = (
				2DF825FA2583BE0C001E7EE6 /* MenuView.swift */,
				2DF825FE2583CAEA001E7EE6 /* HomeView.swift */,
			);
			path = View;
			sourceTree = "<group>";
		};
/* End PBXGroup section */

/* Begin PBXNativeTarget section */
		2DF825E12583A9CE001E7EE6 /* SuperFinal */ = {
			isa = PBXNativeTarget;
			buildConfigurationList = 2DF825F62583A9D2001E7EE6 /* Build configuration list for PBXNativeTarget "SuperFinal" */;
			buildPhases = (
				2DF825DE2583A9CE001E7EE6 /* Sources */,
				2DF825DF2583A9CE001E7EE6 /* Frameworks */,
				2DF825E02583A9CE001E7EE6 /* Resources */,
			);
			buildRules = (
			);
			dependencies = (
			);
			name = SuperFinal;
			productName = SuperFinal;
			productReference = 2DF825E22583A9CF001E7EE6 /* SuperFinal.app */;
			productType = "com.apple.product-type.application";
		};
/* End PBXNativeTarget section */

/* Begin PBXProject section */
		2DF825DA2583A9CE001E7EE6 /* Project object */ = {
			isa = PBXProject;
			attributes = {
				LastSwiftUpdateCheck = 1220;
				LastUpgradeCheck = 1220;
				TargetAttributes = {
					2DF825E12583A9CE001E7EE6 = {
						CreatedOnToolsVersion = 12.2;
					};
				};
			};
			buildConfigurationList = 2DF825DD2583A9CE001E7EE6 /* Build configuration list for PBXProject "SuperFinal" */;
			compatibilityVersion = "Xcode 9.3";
			developmentRegion = en;
			hasScannedForEncodings = 0;
			knownRegions = (
				en,
				Base,
			);
			mainGroup = 2DF825D92583A9CE001E7EE6;
			productRefGroup = 2DF825E32583A9CF001E7EE6 /* Products */;
			projectDirPath = "";
			projectRoot = "";
			targets = (
				2DF825E12583A9CE001E7EE6 /* SuperFinal */,
			);
		};
/* End PBXProject section */

/* Begin PBXResourcesBuildPhase section */
		2DF825E02583A9CE001E7EE6 /* Resources */ = {
			isa = PBXResourcesBuildPhase;
			buildActionMask = 2147483647;
			files = (
				2DF825F22583A9D2001E7EE6 /* LaunchScreen.storyboard in Resources */,
				2DF825EF2583A9D2001E7EE6 /* Preview Assets.xcassets in Resources */,
				2DF825EC2583A9D2001E7EE6 /* Assets.xcassets in Resources */,
			);
			runOnlyForDeploymentPostprocessing = 0;
		};
/* End PBXResourcesBuildPhase section */

/* Begin PBXSourcesBuildPhase section */
		2DF825DE2583A9CE001E7EE6 /* Sources */ = {
			isa = PBXSourcesBuildPhase;
			buildActionMask = 2147483647;
			files = (
				2DF825E62583A9CF001E7EE6 /* AppDelegate.swift in Sources */,
				2DF825FB2583BE0C001E7EE6 /* MenuView.swift in Sources */,
				2DF825E82583A9CF001E7EE6 /* SceneDelegate.swift in Sources */,
				2DF825FF2583CAEA001E7EE6 /* HomeView.swift in Sources */,
				2DF825EA2583A9CF001E7EE6 /* ContentView.swift in Sources */,
			);
			runOnlyForDeploymentPostprocessing = 0;
		};
/* End PBXSourcesBuildPhase section */

/* Begin PBXVariantGroup section */
		2DF825F02583A9D2001E7EE6 /* LaunchScreen.storyboard */ = {
			isa = PBXVariantGroup;
			children = (
				2DF825F12583A9D2001E7EE6 /* Base */,
			);
			name = LaunchScreen.storyboard;
			sourceTree = "<group>";
		};
/* End PBXVariantGroup section */

/* Begin XCBuildConfiguration section */
		2DF825F42583A9D2001E7EE6 /* Debug */ = {
			isa = XCBuildConfiguration;
			buildSettings = {
				ALWAYS_SEARCH_USER_PATHS = NO;
				CLANG_ANALYZER_NONNULL = YES;
				CLANG_ANALYZER_NUMBER_OBJECT_CONVERSION = YES_AGGRESSIVE;
				CLANG_CXX_LANGUAGE_STANDARD = "gnu++14";
				CLANG_CXX_LIBRARY = "libc++";
				CLANG_ENABLE_MODULES = YES;
				CLANG_ENABLE_OBJC_ARC = YES;
				CLANG_ENABLE_OBJC_WEAK = YES;
				CLANG_WARN_BLOCK_CAPTURE_AUTORELEASING = YES;
				CLANG_WARN_BOOL_CONVERSION = YES;
				CLANG_WARN_COMMA = YES;
				CLANG_WARN_CONSTANT_CONVERSION = YES;
				CLANG_WARN_DEPRECATED_OBJC_IMPLEMENTATIONS = YES;
				CLANG_WARN_DIRECT_OBJC_ISA_USAGE = YES_ERROR;
				CLANG_WARN_DOCUMENTATION_COMMENTS = YES;
				CLANG_WARN_EMPTY_BODY = YES;
				CLANG_WARN_ENUM_CONVERSION = YES;
				CLANG_WARN_INFINITE_RECURSION = YES;
				CLANG_WARN_INT_CONVERSION = YES;
				CLANG_WARN_NON_LITERAL_NULL_CONVERSION = YES;
				CLANG_WARN_OBJC_IMPLICIT_RETAIN_SELF = YES;
				CLANG_WARN_OBJC_LITERAL_CONVERSION = YES;
				CLANG_WARN_OBJC_ROOT_CLASS = YES_ERROR;
				CLANG_WARN_QUOTED_INCLUDE_IN_FRAMEWORK_HEADER = YES;
				CLANG_WARN_RANGE_LOOP_ANALYSIS = YES;
				CLANG_WARN_STRICT_PROTOTYPES = YES;
				CLANG_WARN_SUSPICIOUS_MOVE = YES;
				CLANG_WARN_UNGUARDED_AVAILABILITY = YES_AGGRESSIVE;
				CLANG_WARN_UNREACHABLE_CODE = YES;
				CLANG_WARN__DUPLICATE_METHOD_MATCH = YES;
				COPY_PHASE_STRIP = NO;
				DEBUG_INFORMATION_FORMAT = dwarf;
				ENABLE_STRICT_OBJC_MSGSEND = YES;
				ENABLE_TESTABILITY = YES;
				GCC_C_LANGUAGE_STANDARD = gnu11;
				GCC_DYNAMIC_NO_PIC = NO;
				GCC_NO_COMMON_BLOCKS = YES;
				GCC_OPTIMIZATION_LEVEL = 0;
				GCC_PREPROCESSOR_DEFINITIONS = (
					"DEBUG=1",
					"$(inherited)",
				);
				GCC_WARN_64_TO_32_BIT_CONVERSION = YES;
				GCC_WARN_ABOUT_RETURN_TYPE = YES_ERROR;
				GCC_WARN_UNDECLARED_SELECTOR = YES;
				GCC_WARN_UNINITIALIZED_AUTOS = YES_AGGRESSIVE;
				GCC_WARN_UNUSED_FUNCTION = YES;
				GCC_WARN_UNUSED_VARIABLE = YES;
				IPHONEOS_DEPLOYMENT_TARGET = 14.2;
				MTL_ENABLE_DEBUG_INFO = INCLUDE_SOURCE;
				MTL_FAST_MATH = YES;
				ONLY_ACTIVE_ARCH = YES;
				SDKROOT = iphoneos;
				SWIFT_ACTIVE_COMPILATION_CONDITIONS = DEBUG;
				SWIFT_OPTIMIZATION_LEVEL = "-Onone";
			};
			name = Debug;
		};
		2DF825F52583A9D2001E7EE6 /* Release */ = {
			isa = XCBuildConfiguration;
			buildSettings = {
				ALWAYS_SEARCH_USER_PATHS = NO;
				CLANG_ANALYZER_NONNULL = YES;
				CLANG_ANALYZER_NUMBER_OBJECT_CONVERSION = YES_AGGRESSIVE;
				CLANG_CXX_LANGUAGE_STANDARD = "gnu++14";
				CLANG_CXX_LIBRARY = "libc++";
				CLANG_ENABLE_MODULES = YES;
				CLANG_ENABLE_OBJC_ARC = YES;
				CLANG_ENABLE_OBJC_WEAK = YES;
				CLANG_WARN_BLOCK_CAPTURE_AUTORELEASING = YES;
				CLANG_WARN_BOOL_CONVERSION = YES;
				CLANG_WARN_COMMA = YES;
				CLANG_WARN_CONSTANT_CONVERSION = YES;
				CLANG_WARN_DEPRECATED_OBJC_IMPLEMENTATIONS = YES;
				CLANG_WARN_DIRECT_OBJC_ISA_USAGE = YES_ERROR;
				CLANG_WARN_DOCUMENTATION_COMMENTS = YES;
				CLANG_WARN_EMPTY_BODY = YES;
				CLANG_WARN_ENUM_CONVERSION = YES;
				CLANG_WARN_INFINITE_RECURSION = YES;
				CLANG_WARN_INT_CONVERSION = YES;
				CLANG_WARN_NON_LITERAL_NULL_CONVERSION = YES;
				CLANG_WARN_OBJC_IMPLICIT_RETAIN_SELF = YES;
				CLANG_WARN_OBJC_LITERAL_CONVERSION = YES;
				CLANG_WARN_OBJC_ROOT_CLASS = YES_ERROR;
				CLANG_WARN_QUOTED_INCLUDE_IN_FRAMEWORK_HEADER = YES;
				CLANG_WARN_RANGE_LOOP_ANALYSIS = YES;
				CLANG_WARN_STRICT_PROTOTYPES = YES;
				CLANG_WARN_SUSPICIOUS_MOVE = YES;
				CLANG_WARN_UNGUARDED_AVAILABILITY = YES_AGGRESSIVE;
				CLANG_WARN_UNREACHABLE_CODE = YES;
				CLANG_WARN__DUPLICATE_METHOD_MATCH = YES;
				COPY_PHASE_STRIP = NO;
				DEBUG_INFORMATION_FORMAT = "dwarf-with-dsym";
				ENABLE_NS_ASSERTIONS = NO;
				ENABLE_STRICT_OBJC_MSGSEND = YES;
				GCC_C_LANGUAGE_STANDARD = gnu11;
				GCC_NO_COMMON_BLOCKS = YES;
				GCC_WARN_64_TO_32_BIT_CONVERSION = YES;
				GCC_WARN_ABOUT_RETURN_TYPE = YES_ERROR;
				GCC_WARN_UNDECLARED_SELECTOR = YES;
				GCC_WARN_UNINITIALIZED_AUTOS = YES_AGGRESSIVE;
				GCC_WARN_UNUSED_FUNCTION = YES;
				GCC_WARN_UNUSED_VARIABLE = YES;
				IPHONEOS_DEPLOYMENT_TARGET = 14.2;
				MTL_ENABLE_DEBUG_INFO = NO;
				MTL_FAST_MATH = YES;
				SDKROOT = iphoneos;
				SWIFT_COMPILATION_MODE = wholemodule;
				SWIFT_OPTIMIZATION_LEVEL = "-O";
				VALIDATE_PRODUCT = YES;
			};
			name = Release;
		};
		2DF825F72583A9D2001E7EE6 /* Debug */ = {
			isa = XCBuildConfiguration;
			buildSettings = {
				ASSETCATALOG_COMPILER_APPICON_NAME = AppIcon;
				ASSETCATALOG_COMPILER_GLOBAL_ACCENT_COLOR_NAME = AccentColor;
				CODE_SIGN_STYLE = Automatic;
				DEVELOPMENT_ASSET_PATHS = "\"SuperFinal/Preview Content\"";
				ENABLE_PREVIEWS = YES;
				INFOPLIST_FILE = SuperFinal/Info.plist;
				LD_RUNPATH_SEARCH_PATHS = (
					"$(inherited)",
					"@executable_path/Frameworks",
				);
				PRODUCT_BUNDLE_IDENTIFIER = task.SuperFinal;
				PRODUCT_NAME = "$(TARGET_NAME)";
				SWIFT_VERSION = 5.0;
				TARGETED_DEVICE_FAMILY = "1,2";
			};
			name = Debug;
		};
		2DF825F82583A9D2001E7EE6 /* Release */ = {
			isa = XCBuildConfiguration;
			buildSettings = {
				ASSETCATALOG_COMPILER_APPICON_NAME = AppIcon;
				ASSETCATALOG_COMPILER_GLOBAL_ACCENT_COLOR_NAME = AccentColor;
				CODE_SIGN_STYLE = Automatic;
				DEVELOPMENT_ASSET_PATHS = "\"SuperFinal/Preview Content\"";
				ENABLE_PREVIEWS = YES;
				INFOPLIST_FILE = SuperFinal/Info.plist;
				LD_RUNPATH_SEARCH_PATHS = (
					"$(inherited)",
					"@executable_path/Frameworks",
				);
				PRODUCT_BUNDLE_IDENTIFIER = task.SuperFinal;
				PRODUCT_NAME = "$(TARGET_NAME)";
				SWIFT_VERSION = 5.0;
				TARGETED_DEVICE_FAMILY = "1,2";
			};
			name = Release;
		};
/* End XCBuildConfiguration section */

/* Begin XCConfigurationList section */
		2DF825DD2583A9CE001E7EE6 /* Build configuration list for PBXProject "SuperFinal" */ = {
			isa = XCConfigurationList;
			buildConfigurations = (
				2DF825F42583A9D2001E7EE6 /* Debug */,
				2DF825F52583A9D2001E7EE6 /* Release */,
			);
			defaultConfigurationIsVisible = 0;
			defaultConfigurationName = Release;
		};
		2DF825F62583A9D2001E7EE6 /* Build configuration list for PBXNativeTarget "SuperFinal" */ = {
			isa = XCConfigurationList;
			buildConfigurations = (
				2DF825F72583A9D2001E7EE6 /* Debug */,
				2DF825F82583A9D2001E7EE6 /* Release */,
			);
			defaultConfigurationIsVisible = 0;
			defaultConfigurationName = Release;
		};
/* End XCConfigurationList section */
	};
	rootObject = 2DF825DA2583A9CE001E7EE6 /* Project object */;
}
